releases:
    - name: bpm
      sha1: 64aab9be4f6b5047d042bd2c27402f601e1b4bc0
      version: 1.4.39
      remote_source: artifactory_compiled_releases
      remote_path: compiled-releases/bpm/bpm-1.4.39-ubuntu-jammy-1.1364.tgz
    - name: metric-store
      sha1: 1cb29eb26c49ff80c8eb6c8544c64dd52f918f55
      version: 1.8.6
      remote_source: artifactory_compiled_releases
      remote_path: compiled-releases/metric-store/metric-store-1.8.6-ubuntu-jammy-1.1364.tgz
    - name: routing
      sha1: 483ebacf3e90d582e838d7908d1153e57bef32f4
      version: 0.392.0
      remote_source: artifactory_compiled_releases
      remote_path: compiled-releases/routing/routing-0.392.0-ubuntu-jammy-1.1364.tgz
stemcell_criteria:
    os: ubuntu-jammy
    version: "1.1364"
