releases:
    - name: bpm
      sha1: 95efccfedec64606944f4099ee1b819afec85f3e
      version: 1.4.37
      remote_source: artifactory_compiled_releases
      remote_path: compiled-releases/bpm/bpm-1.4.37-ubuntu-jammy-1.1298.tgz
    - name: metric-store
      sha1: fe64a22fbc51328bad39d839ae25f3e665d451c8
      version: 1.8.5
      remote_source: artifactory_compiled_releases
      remote_path: compiled-releases/metric-store/metric-store-1.8.5-ubuntu-jammy-1.1298.tgz
    - name: routing
      sha1: a12adc9b8fb145270a87243cbcfd94cd02318f78
      version: 0.389.0
      remote_source: artifactory_compiled_releases
      remote_path: compiled-releases/routing/routing-0.389.0-ubuntu-jammy-1.1298.tgz
stemcell_criteria:
    os: ubuntu-jammy
    version: "1.1298"
